
Microsoft Visual Studio Solution File, Format Version 12.00
# Visual Studio 14
VisualStudioVersion = 14.0.25420.1
MinimumVisualStudioVersion = 10.0.40219.1
Project("{FAE04EC0-301F-11D3-BF4B-00C04F79EFBC}") = "NetStatus", "NetStatus\NetStatus\NetStatus.csproj", "{67D65A9B-CB05-494D-8BB9-5ABF4351D6D8}"
EndProject
Project("{FAE04EC0-301F-11D3-BF4B-00C04F79EFBC}") = "NetStatus.Droid", "NetStatus\NetStatus.Droid\NetStatus.Droid.csproj", "{A5A757D7-4C41-44E3-8077-930136BF865C}"
EndProject
Project("{FAE04EC0-301F-11D3-BF4B-00C04F79EFBC}") = "NetStatus.iOS", "NetStatus\NetStatus.iOS\NetStatus.iOS.csproj", "{C0101BD3-A3DD-4BB4-9EB4-EAA496361812}"
EndProject
Project("{FAE04EC0-301F-11D3-BF4B-00C04F79EFBC}") = "NetStatus.WinPhone", "NetStatus\NetStatus.WinPhone\NetStatus.WinPhone.csproj", "{4114CED7-B11F-41C1-834F-1D3C7F00169F}"
EndProject
Project("{FAE04EC0-301F-11D3-BF4B-00C04F79EFBC}") = "NetStatus.UWP", "NetStatus\NetStatus.UWP\NetStatus.UWP.csproj", "{EF586670-58C4-4A04-89BE-6EAF5485E52F}"
EndProject
Project("{FAE04EC0-301F-11D3-BF4B-00C04F79EFBC}") = "NetStatus.Windows", "NetStatus\NetStatus.Windows\NetStatus.Windows.csproj", "{8F42F795-AD45-4F01-AA49-512DF8C7C8AC}"
EndProject
Global
	GlobalSection(SolutionConfigurationPlatforms) = preSolution
		Ad-Hoc|Any CPU = Ad-Hoc|Any CPU
		Ad-Hoc|ARM = Ad-Hoc|ARM
		Ad-Hoc|iPhone = Ad-Hoc|iPhone
		Ad-Hoc|iPhoneSimulator = Ad-Hoc|iPhoneSimulator
		Ad-Hoc|x64 = Ad-Hoc|x64
		Ad-Hoc|x86 = Ad-Hoc|x86
		AppStore|Any CPU = AppStore|Any CPU
		AppStore|ARM = AppStore|ARM
		AppStore|iPhone = AppStore|iPhone
		AppStore|iPhoneSimulator = AppStore|iPhoneSimulator
		AppStore|x64 = AppStore|x64
		AppStore|x86 = AppStore|x86
		Debug|Any CPU = Debug|Any CPU
		Debug|ARM = Debug|ARM
		Debug|iPhone = Debug|iPhone
		Debug|iPhoneSimulator = Debug|iPhoneSimulator
		Debug|x64 = Debug|x64
		Debug|x86 = Debug|x86
		Release|Any CPU = Release|Any CPU
		Release|ARM = Release|ARM
		Release|iPhone = Release|iPhone
		Release|iPhoneSimulator = Release|iPhoneSimulator
		Release|x64 = Release|x64
		Release|x86 = Release|x86
	EndGlobalSection
	GlobalSection(ProjectConfigurationPlatforms) = postSolution
		{67D65A9B-CB05-494D-8BB9-5ABF4351D6D8}.Ad-Hoc|Any CPU.ActiveCfg = Release|Any CPU
		{67D65A9B-CB05-494D-8BB9-5ABF4351D6D8}.Ad-Hoc|Any CPU.Build.0 = Release|Any CPU
		{67D65A9B-CB05-494D-8BB9-5ABF4351D6D8}.Ad-Hoc|ARM.ActiveCfg = Release|Any CPU
		{67D65A9B-CB05-494D-8BB9-5ABF4351D6D8}.Ad-Hoc|ARM.Build.0 = Release|Any CPU
		{67D65A9B-CB05-494D-8BB9-5ABF4351D6D8}.Ad-Hoc|iPhone.ActiveCfg = Release|Any CPU
		{67D65A9B-CB05-494D-8BB9-5ABF4351D6D8}.Ad-Hoc|iPhone.Build.0 = Release|Any CPU
		{67D65A9B-CB05-494D-8BB9-5ABF4351D6D8}.Ad-Hoc|iPhoneSimulator.ActiveCfg = Release|Any CPU
		{67D65A9B-CB05-494D-8BB9-5ABF4351D6D8}.Ad-Hoc|iPhoneSimulator.Build.0 = Release|Any CPU
		{67D65A9B-CB05-494D-8BB9-5ABF4351D6D8}.Ad-Hoc|x64.ActiveCfg = Release|Any CPU
		{67D65A9B-CB05-494D-8BB9-5ABF4351D6D8}.Ad-Hoc|x64.Build.0 = Release|Any CPU
		{67D65A9B-CB05-494D-8BB9-5ABF4351D6D8}.Ad-Hoc|x86.ActiveCfg = Release|Any CPU
		{67D65A9B-CB05-494D-8BB9-5ABF4351D6D8}.Ad-Hoc|x86.Build.0 = Release|Any CPU
		{67D65A9B-CB05-494D-8BB9-5ABF4351D6D8}.AppStore|Any CPU.ActiveCfg = Release|Any CPU
		{67D65A9B-CB05-494D-8BB9-5ABF4351D6D8}.AppStore|Any CPU.Build.0 = Release|Any CPU
		{67D65A9B-CB05-494D-8BB9-5ABF4351D6D8}.AppStore|ARM.ActiveCfg = Release|Any CPU
		{67D65A9B-CB05-494D-8BB9-5ABF4351D6D8}.AppStore|ARM.Build.0 = Release|Any CPU
		{67D65A9B-CB05-494D-8BB9-5ABF4351D6D8}.AppStore|iPhone.ActiveCfg = Release|Any CPU
		{67D65A9B-CB05-494D-8BB9-5ABF4351D6D8}.AppStore|iPhone.Build.0 = Release|Any CPU
		{67D65A9B-CB05-494D-8BB9-5ABF4351D6D8}.AppStore|iPhoneSimulator.ActiveCfg = Release|Any CPU
		{67D65A9B-CB05-494D-8BB9-5ABF4351D6D8}.AppStore|iPhoneSimulator.Build.0 = Release|Any CPU
		{67D65A9B-CB05-494D-8BB9-5ABF4351D6D8}.AppStore|x64.ActiveCfg = Release|Any CPU
		{67D65A9B-CB05-494D-8BB9-5ABF4351D6D8}.AppStore|x64.Build.0 = Release|Any CPU
		{67D65A9B-CB05-494D-8BB9-5ABF4351D6D8}.AppStore|x86.ActiveCfg = Release|Any CPU
		{67D65A9B-CB05-494D-8BB9-5ABF4351D6D8}.AppStore|x86.Build.0 = Release|Any CPU
		{67D65A9B-CB05-494D-8BB9-5ABF4351D6D8}.Debug|Any CPU.ActiveCfg = Debug|Any CPU
		{67D65A9B-CB05-494D-8BB9-5ABF4351D6D8}.Debug|Any CPU.Build.0 = Debug|Any CPU
		{67D65A9B-CB05-494D-8BB9-5ABF4351D6D8}.Debug|ARM.ActiveCfg = Debug|Any CPU
		{67D65A9B-CB05-494D-8BB9-5ABF4351D6D8}.Debug|ARM.Build.0 = Debug|Any CPU
		{67D65A9B-CB05-494D-8BB9-5ABF4351D6D8}.Debug|iPhone.ActiveCfg = Debug|Any CPU
		{67D65A9B-CB05-494D-8BB9-5ABF4351D6D8}.Debug|iPhone.Build.0 = Debug|Any CPU
		{67D65A9B-CB05-494D-8BB9-5ABF4351D6D8}.Debug|iPhoneSimulator.ActiveCfg = Debug|Any CPU
		{67D65A9B-CB05-494D-8BB9-5ABF4351D6D8}.Debug|iPhoneSimulator.Build.0 = Debug|Any CPU
		{67D65A9B-CB05-494D-8BB9-5ABF4351D6D8}.Debug|x64.ActiveCfg = Debug|Any CPU
		{67D65A9B-CB05-494D-8BB9-5ABF4351D6D8}.Debug|x64.Build.0 = Debug|Any CPU
		{67D65A9B-CB05-494D-8BB9-5ABF4351D6D8}.Debug|x86.ActiveCfg = Debug|Any CPU
		{67D65A9B-CB05-494D-8BB9-5ABF4351D6D8}.Debug|x86.Build.0 = Debug|Any CPU
		{67D65A9B-CB05-494D-8BB9-5ABF4351D6D8}.Release|Any CPU.ActiveCfg = Release|Any CPU
		{67D65A9B-CB05-494D-8BB9-5ABF4351D6D8}.Release|Any CPU.Build.0 = Release|Any CPU
		{67D65A9B-CB05-494D-8BB9-5ABF4351D6D8}.Release|ARM.ActiveCfg = Release|Any CPU
		{67D65A9B-CB05-494D-8BB9-5ABF4351D6D8}.Release|ARM.Build.0 = Release|Any CPU
		{67D65A9B-CB05-494D-8BB9-5ABF4351D6D8}.Release|iPhone.ActiveCfg = Release|Any CPU
		{67D65A9B-CB05-494D-8BB9-5ABF4351D6D8}.Release|iPhone.Build.0 = Release|Any CPU
		{67D65A9B-CB05-494D-8BB9-5ABF4351D6D8}.Release|iPhoneSimulator.ActiveCfg = Release|Any CPU
		{67D65A9B-CB05-494D-8BB9-5ABF4351D6D8}.Release|iPhoneSimulator.Build.0 = Release|Any CPU
		{67D65A9B-CB05-494D-8BB9-5ABF4351D6D8}.Release|x64.ActiveCfg = Release|Any CPU
		{67D65A9B-CB05-494D-8BB9-5ABF4351D6D8}.Release|x64.Build.0 = Release|Any CPU
		{67D65A9B-CB05-494D-8BB9-5ABF4351D6D8}.Release|x86.ActiveCfg = Release|Any CPU
		{67D65A9B-CB05-494D-8BB9-5ABF4351D6D8}.Release|x86.Build.0 = Release|Any CPU
		{A5A757D7-4C41-44E3-8077-930136BF865C}.Ad-Hoc|Any CPU.ActiveCfg = Release|Any CPU
		{A5A757D7-4C41-44E3-8077-930136BF865C}.Ad-Hoc|Any CPU.Build.0 = Release|Any CPU
		{A5A757D7-4C41-44E3-8077-930136BF865C}.Ad-Hoc|Any CPU.Deploy.0 = Release|Any CPU
		{A5A757D7-4C41-44E3-8077-930136BF865C}.Ad-Hoc|ARM.ActiveCfg = Release|Any CPU
		{A5A757D7-4C41-44E3-8077-930136BF865C}.Ad-Hoc|ARM.Build.0 = Release|Any CPU
		{A5A757D7-4C41-44E3-8077-930136BF865C}.Ad-Hoc|ARM.Deploy.0 = Release|Any CPU
		{A5A757D7-4C41-44E3-8077-930136BF865C}.Ad-Hoc|iPhone.ActiveCfg = Release|Any CPU
		{A5A757D7-4C41-44E3-8077-930136BF865C}.Ad-Hoc|iPhone.Build.0 = Release|Any CPU
		{A5A757D7-4C41-44E3-8077-930136BF865C}.Ad-Hoc|iPhone.Deploy.0 = Release|Any CPU
		{A5A757D7-4C41-44E3-8077-930136BF865C}.Ad-Hoc|iPhoneSimulator.ActiveCfg = Release|Any CPU
		{A5A757D7-4C41-44E3-8077-930136BF865C}.Ad-Hoc|iPhoneSimulator.Build.0 = Release|Any CPU
		{A5A757D7-4C41-44E3-8077-930136BF865C}.Ad-Hoc|iPhoneSimulator.Deploy.0 = Release|Any CPU
		{A5A757D7-4C41-44E3-8077-930136BF865C}.Ad-Hoc|x64.ActiveCfg = Release|Any CPU
		{A5A757D7-4C41-44E3-8077-930136BF865C}.Ad-Hoc|x64.Build.0 = Release|Any CPU
		{A5A757D7-4C41-44E3-8077-930136BF865C}.Ad-Hoc|x64.Deploy.0 = Release|Any CPU
		{A5A757D7-4C41-44E3-8077-930136BF865C}.Ad-Hoc|x86.ActiveCfg = Release|Any CPU
		{A5A757D7-4C41-44E3-8077-930136BF865C}.Ad-Hoc|x86.Build.0 = Release|Any CPU
		{A5A757D7-4C41-44E3-8077-930136BF865C}.Ad-Hoc|x86.Deploy.0 = Release|Any CPU
		{A5A757D7-4C41-44E3-8077-930136BF865C}.AppStore|Any CPU.ActiveCfg = Release|Any CPU
		{A5A757D7-4C41-44E3-8077-930136BF865C}.AppStore|Any CPU.Build.0 = Release|Any CPU
		{A5A757D7-4C41-44E3-8077-930136BF865C}.AppStore|Any CPU.Deploy.0 = Release|Any CPU
		{A5A757D7-4C41-44E3-8077-930136BF865C}.AppStore|ARM.ActiveCfg = Release|Any CPU
		{A5A757D7-4C41-44E3-8077-930136BF865C}.AppStore|ARM.Build.0 = Release|Any CPU
		{A5A757D7-4C41-44E3-8077-930136BF865C}.AppStore|ARM.Deploy.0 = Release|Any CPU
		{A5A757D7-4C41-44E3-8077-930136BF865C}.AppStore|iPhone.ActiveCfg = Release|Any CPU
		{A5A757D7-4C41-44E3-8077-930136BF865C}.AppStore|iPhone.Build.0 = Release|Any CPU
		{A5A757D7-4C41-44E3-8077-930136BF865C}.AppStore|iPhone.Deploy.0 = Release|Any CPU
		{A5A757D7-4C41-44E3-8077-930136BF865C}.AppStore|iPhoneSimulator.ActiveCfg = Release|Any CPU
		{A5A757D7-4C41-44E3-8077-930136BF865C}.AppStore|iPhoneSimulator.Build.0 = Release|Any CPU
		{A5A757D7-4C41-44E3-8077-930136BF865C}.AppStore|iPhoneSimulator.Deploy.0 = Release|Any CPU
		{A5A757D7-4C41-44E3-8077-930136BF865C}.AppStore|x64.ActiveCfg = Release|Any CPU
		{A5A757D7-4C41-44E3-8077-930136BF865C}.AppStore|x64.Build.0 = Release|Any CPU
		{A5A757D7-4C41-44E3-8077-930136BF865C}.AppStore|x64.Deploy.0 = Release|Any CPU
		{A5A757D7-4C41-44E3-8077-930136BF865C}.AppStore|x86.ActiveCfg = Release|Any CPU
		{A5A757D7-4C41-44E3-8077-930136BF865C}.AppStore|x86.Build.0 = Release|Any CPU
		{A5A757D7-4C41-44E3-8077-930136BF865C}.AppStore|x86.Deploy.0 = Release|Any CPU
		{A5A757D7-4C41-44E3-8077-930136BF865C}.Debug|Any CPU.ActiveCfg = Debug|Any CPU
		{A5A757D7-4C41-44E3-8077-930136BF865C}.Debug|Any CPU.Build.0 = Debug|Any CPU
		{A5A757D7-4C41-44E3-8077-930136BF865C}.Debug|Any CPU.Deploy.0 = Debug|Any CPU
		{A5A757D7-4C41-44E3-8077-930136BF865C}.Debug|ARM.ActiveCfg = Debug|Any CPU
		{A5A757D7-4C41-44E3-8077-930136BF865C}.Debug|ARM.Build.0 = Debug|Any CPU
		{A5A757D7-4C41-44E3-8077-930136BF865C}.Debug|ARM.Deploy.0 = Debug|Any CPU
		{A5A757D7-4C41-44E3-8077-930136BF865C}.Debug|iPhone.ActiveCfg = Debug|Any CPU
		{A5A757D7-4C41-44E3-8077-930136BF865C}.Debug|iPhone.Build.0 = Debug|Any CPU
		{A5A757D7-4C41-44E3-8077-930136BF865C}.Debug|iPhone.Deploy.0 = Debug|Any CPU
		{A5A757D7-4C41-44E3-8077-930136BF865C}.Debug|iPhoneSimulator.ActiveCfg = Debug|Any CPU
		{A5A757D7-4C41-44E3-8077-930136BF865C}.Debug|iPhoneSimulator.Build.0 = Debug|Any CPU
		{A5A757D7-4C41-44E3-8077-930136BF865C}.Debug|iPhoneSimulator.Deploy.0 = Debug|Any CPU
		{A5A757D7-4C41-44E3-8077-930136BF865C}.Debug|x64.ActiveCfg = Debug|Any CPU
		{A5A757D7-4C41-44E3-8077-930136BF865C}.Debug|x64.Build.0 = Debug|Any CPU
		{A5A757D7-4C41-44E3-8077-930136BF865C}.Debug|x64.Deploy.0 = Debug|Any CPU
		{A5A757D7-4C41-44E3-8077-930136BF865C}.Debug|x86.ActiveCfg = Debug|Any CPU
		{A5A757D7-4C41-44E3-8077-930136BF865C}.Debug|x86.Build.0 = Debug|Any CPU
		{A5A757D7-4C41-44E3-8077-930136BF865C}.Debug|x86.Deploy.0 = Debug|Any CPU
		{A5A757D7-4C41-44E3-8077-930136BF865C}.Release|Any CPU.ActiveCfg = Release|Any CPU
		{A5A757D7-4C41-44E3-8077-930136BF865C}.Release|Any CPU.Build.0 = Release|Any CPU
		{A5A757D7-4C41-44E3-8077-930136BF865C}.Release|Any CPU.Deploy.0 = Release|Any CPU
		{A5A757D7-4C41-44E3-8077-930136BF865C}.Release|ARM.ActiveCfg = Release|Any CPU
		{A5A757D7-4C41-44E3-8077-930136BF865C}.Release|ARM.Build.0 = Release|Any CPU
		{A5A757D7-4C41-44E3-8077-930136BF865C}.Release|ARM.Deploy.0 = Release|Any CPU
		{A5A757D7-4C41-44E3-8077-930136BF865C}.Release|iPhone.ActiveCfg = Release|Any CPU
		{A5A757D7-4C41-44E3-8077-930136BF865C}.Release|iPhone.Build.0 = Release|Any CPU
		{A5A757D7-4C41-44E3-8077-930136BF865C}.Release|iPhone.Deploy.0 = Release|Any CPU
		{A5A757D7-4C41-44E3-8077-930136BF865C}.Release|iPhoneSimulator.ActiveCfg = Release|Any CPU
		{A5A757D7-4C41-44E3-8077-930136BF865C}.Release|iPhoneSimulator.Build.0 = Release|Any CPU
		{A5A757D7-4C41-44E3-8077-930136BF865C}.Release|iPhoneSimulator.Deploy.0 = Release|Any CPU
		{A5A757D7-4C41-44E3-8077-930136BF865C}.Release|x64.ActiveCfg = Release|Any CPU
		{A5A757D7-4C41-44E3-8077-930136BF865C}.Release|x64.Build.0 = Release|Any CPU
		{A5A757D7-4C41-44E3-8077-930136BF865C}.Release|x64.Deploy.0 = Release|Any CPU
		{A5A757D7-4C41-44E3-8077-930136BF865C}.Release|x86.ActiveCfg = Release|Any CPU
		{A5A757D7-4C41-44E3-8077-930136BF865C}.Release|x86.Build.0 = Release|Any CPU
		{A5A757D7-4C41-44E3-8077-930136BF865C}.Release|x86.Deploy.0 = Release|Any CPU
		{C0101BD3-A3DD-4BB4-9EB4-EAA496361812}.Ad-Hoc|Any CPU.ActiveCfg = Ad-Hoc|iPhone
		{C0101BD3-A3DD-4BB4-9EB4-EAA496361812}.Ad-Hoc|ARM.ActiveCfg = Ad-Hoc|iPhone
		{C0101BD3-A3DD-4BB4-9EB4-EAA496361812}.Ad-Hoc|iPhone.ActiveCfg = Ad-Hoc|iPhone
		{C0101BD3-A3DD-4BB4-9EB4-EAA496361812}.Ad-Hoc|iPhone.Build.0 = Ad-Hoc|iPhone
		{C0101BD3-A3DD-4BB4-9EB4-EAA496361812}.Ad-Hoc|iPhoneSimulator.ActiveCfg = Ad-Hoc|iPhoneSimulator
		{C0101BD3-A3DD-4BB4-9EB4-EAA496361812}.Ad-Hoc|iPhoneSimulator.Build.0 = Ad-Hoc|iPhoneSimulator
		{C0101BD3-A3DD-4BB4-9EB4-EAA496361812}.Ad-Hoc|x64.ActiveCfg = Ad-Hoc|iPhone
		{C0101BD3-A3DD-4BB4-9EB4-EAA496361812}.Ad-Hoc|x86.ActiveCfg = Ad-Hoc|iPhone
		{C0101BD3-A3DD-4BB4-9EB4-EAA496361812}.AppStore|Any CPU.ActiveCfg = AppStore|iPhone
		{C0101BD3-A3DD-4BB4-9EB4-EAA496361812}.AppStore|ARM.ActiveCfg = AppStore|iPhone
		{C0101BD3-A3DD-4BB4-9EB4-EAA496361812}.AppStore|iPhone.ActiveCfg = AppStore|iPhone
		{C0101BD3-A3DD-4BB4-9EB4-EAA496361812}.AppStore|iPhone.Build.0 = AppStore|iPhone
		{C0101BD3-A3DD-4BB4-9EB4-EAA496361812}.AppStore|iPhoneSimulator.ActiveCfg = AppStore|iPhoneSimulator
		{C0101BD3-A3DD-4BB4-9EB4-EAA496361812}.AppStore|iPhoneSimulator.Build.0 = AppStore|iPhoneSimulator
		{C0101BD3-A3DD-4BB4-9EB4-EAA496361812}.AppStore|x64.ActiveCfg = AppStore|iPhone
		{C0101BD3-A3DD-4BB4-9EB4-EAA496361812}.AppStore|x86.ActiveCfg = AppStore|iPhone
		{C0101BD3-A3DD-4BB4-9EB4-EAA496361812}.Debug|Any CPU.ActiveCfg = Debug|iPhone
		{C0101BD3-A3DD-4BB4-9EB4-EAA496361812}.Debug|ARM.ActiveCfg = Debug|iPhone
		{C0101BD3-A3DD-4BB4-9EB4-EAA496361812}.Debug|iPhone.ActiveCfg = Debug|iPhone
		{C0101BD3-A3DD-4BB4-9EB4-EAA496361812}.Debug|iPhone.Build.0 = Debug|iPhone
		{C0101BD3-A3DD-4BB4-9EB4-EAA496361812}.Debug|iPhoneSimulator.ActiveCfg = Debug|iPhoneSimulator
		{C0101BD3-A3DD-4BB4-9EB4-EAA496361812}.Debug|iPhoneSimulator.Build.0 = Debug|iPhoneSimulator
		{C0101BD3-A3DD-4BB4-9EB4-EAA496361812}.Debug|x64.ActiveCfg = Debug|iPhone
		{C0101BD3-A3DD-4BB4-9EB4-EAA496361812}.Debug|x86.ActiveCfg = Debug|iPhone
		{C0101BD3-A3DD-4BB4-9EB4-EAA496361812}.Release|Any CPU.ActiveCfg = Release|iPhone
		{C0101BD3-A3DD-4BB4-9EB4-EAA496361812}.Release|ARM.ActiveCfg = Release|iPhone
		{C0101BD3-A3DD-4BB4-9EB4-EAA496361812}.Release|iPhone.ActiveCfg = Release|iPhone
		{C0101BD3-A3DD-4BB4-9EB4-EAA496361812}.Release|iPhone.Build.0 = Release|iPhone
		{C0101BD3-A3DD-4BB4-9EB4-EAA496361812}.Release|iPhoneSimulator.ActiveCfg = Release|iPhoneSimulator
		{C0101BD3-A3DD-4BB4-9EB4-EAA496361812}.Release|iPhoneSimulator.Build.0 = Release|iPhoneSimulator
		{C0101BD3-A3DD-4BB4-9EB4-EAA496361812}.Release|x64.ActiveCfg = Release|iPhone
		{C0101BD3-A3DD-4BB4-9EB4-EAA496361812}.Release|x86.ActiveCfg = Release|iPhone
		{4114CED7-B11F-41C1-834F-1D3C7F00169F}.Ad-Hoc|Any CPU.ActiveCfg = Release|Any CPU
		{4114CED7-B11F-41C1-834F-1D3C7F00169F}.Ad-Hoc|Any CPU.Build.0 = Release|Any CPU
		{4114CED7-B11F-41C1-834F-1D3C7F00169F}.Ad-Hoc|Any CPU.Deploy.0 = Release|Any CPU
		{4114CED7-B11F-41C1-834F-1D3C7F00169F}.Ad-Hoc|ARM.ActiveCfg = Release|ARM
		{4114CED7-B11F-41C1-834F-1D3C7F00169F}.Ad-Hoc|ARM.Build.0 = Release|ARM
		{4114CED7-B11F-41C1-834F-1D3C7F00169F}.Ad-Hoc|ARM.Deploy.0 = Release|ARM
		{4114CED7-B11F-41C1-834F-1D3C7F00169F}.Ad-Hoc|iPhone.ActiveCfg = Release|Any CPU
		{4114CED7-B11F-41C1-834F-1D3C7F00169F}.Ad-Hoc|iPhone.Build.0 = Release|Any CPU
		{4114CED7-B11F-41C1-834F-1D3C7F00169F}.Ad-Hoc|iPhone.Deploy.0 = Release|Any CPU
		{4114CED7-B11F-41C1-834F-1D3C7F00169F}.Ad-Hoc|iPhoneSimulator.ActiveCfg = Release|Any CPU
		{4114CED7-B11F-41C1-834F-1D3C7F00169F}.Ad-Hoc|iPhoneSimulator.Build.0 = Release|Any CPU
		{4114CED7-B11F-41C1-834F-1D3C7F00169F}.Ad-Hoc|iPhoneSimulator.Deploy.0 = Release|Any CPU
		{4114CED7-B11F-41C1-834F-1D3C7F00169F}.Ad-Hoc|x64.ActiveCfg = Release|Any CPU
		{4114CED7-B11F-41C1-834F-1D3C7F00169F}.Ad-Hoc|x64.Build.0 = Release|Any CPU
		{4114CED7-B11F-41C1-834F-1D3C7F00169F}.Ad-Hoc|x64.Deploy.0 = Release|Any CPU
		{4114CED7-B11F-41C1-834F-1D3C7F00169F}.Ad-Hoc|x86.ActiveCfg = Release|x86
		{4114CED7-B11F-41C1-834F-1D3C7F00169F}.Ad-Hoc|x86.Build.0 = Release|x86
		{4114CED7-B11F-41C1-834F-1D3C7F00169F}.Ad-Hoc|x86.Deploy.0 = Release|x86
		{4114CED7-B11F-41C1-834F-1D3C7F00169F}.AppStore|Any CPU.ActiveCfg = Release|Any CPU
		{4114CED7-B11F-41C1-834F-1D3C7F00169F}.AppStore|Any CPU.Build.0 = Release|Any CPU
		{4114CED7-B11F-41C1-834F-1D3C7F00169F}.AppStore|Any CPU.Deploy.0 = Release|Any CPU
		{4114CED7-B11F-41C1-834F-1D3C7F00169F}.AppStore|ARM.ActiveCfg = Release|ARM
		{4114CED7-B11F-41C1-834F-1D3C7F00169F}.AppStore|ARM.Build.0 = Release|ARM
		{4114CED7-B11F-41C1-834F-1D3C7F00169F}.AppStore|ARM.Deploy.0 = Release|ARM
		{4114CED7-B11F-41C1-834F-1D3C7F00169F}.AppStore|iPhone.ActiveCfg = Release|Any CPU
		{4114CED7-B11F-41C1-834F-1D3C7F00169F}.AppStore|iPhone.Build.0 = Release|Any CPU
		{4114CED7-B11F-41C1-834F-1D3C7F00169F}.AppStore|iPhone.Deploy.0 = Release|Any CPU
		{4114CED7-B11F-41C1-834F-1D3C7F00169F}.AppStore|iPhoneSimulator.ActiveCfg = Release|Any CPU
		{4114CED7-B11F-41C1-834F-1D3C7F00169F}.AppStore|iPhoneSimulator.Build.0 = Release|Any CPU
		{4114CED7-B11F-41C1-834F-1D3C7F00169F}.AppStore|iPhoneSimulator.Deploy.0 = Release|Any CPU
		{4114CED7-B11F-41C1-834F-1D3C7F00169F}.AppStore|x64.ActiveCfg = Release|Any CPU
		{4114CED7-B11F-41C1-834F-1D3C7F00169F}.AppStore|x64.Build.0 = Release|Any CPU
		{4114CED7-B11F-41C1-834F-1D3C7F00169F}.AppStore|x64.Deploy.0 = Release|Any CPU
		{4114CED7-B11F-41C1-834F-1D3C7F00169F}.AppStore|x86.ActiveCfg = Release|x86
		{4114CED7-B11F-41C1-834F-1D3C7F00169F}.AppStore|x86.Build.0 = Release|x86
		{4114CED7-B11F-41C1-834F-1D3C7F00169F}.AppStore|x86.Deploy.0 = Release|x86
		{4114CED7-B11F-41C1-834F-1D3C7F00169F}.Debug|Any CPU.ActiveCfg = Debug|Any CPU
		{4114CED7-B11F-41C1-834F-1D3C7F00169F}.Debug|Any CPU.Build.0 = Debug|Any CPU
		{4114CED7-B11F-41C1-834F-1D3C7F00169F}.Debug|Any CPU.Deploy.0 = Debug|Any CPU
		{4114CED7-B11F-41C1-834F-1D3C7F00169F}.Debug|ARM.ActiveCfg = Debug|ARM
		{4114CED7-B11F-41C1-834F-1D3C7F00169F}.Debug|ARM.Build.0 = Debug|ARM
		{4114CED7-B11F-41C1-834F-1D3C7F00169F}.Debug|ARM.Deploy.0 = Debug|ARM
		{4114CED7-B11F-41C1-834F-1D3C7F00169F}.Debug|iPhone.ActiveCfg = Debug|Any CPU
		{4114CED7-B11F-41C1-834F-1D3C7F00169F}.Debug|iPhone.Build.0 = Debug|Any CPU
		{4114CED7-B11F-41C1-834F-1D3C7F00169F}.Debug|iPhone.Deploy.0 = Debug|Any CPU
		{4114CED7-B11F-41C1-834F-1D3C7F00169F}.Debug|iPhoneSimulator.ActiveCfg = Debug|Any CPU
		{4114CED7-B11F-41C1-834F-1D3C7F00169F}.Debug|iPhoneSimulator.Build.0 = Debug|Any CPU
		{4114CED7-B11F-41C1-834F-1D3C7F00169F}.Debug|iPhoneSimulator.Deploy.0 = Debug|Any CPU
		{4114CED7-B11F-41C1-834F-1D3C7F00169F}.Debug|x64.ActiveCfg = Debug|Any CPU
		{4114CED7-B11F-41C1-834F-1D3C7F00169F}.Debug|x64.Build.0 = Debug|Any CPU
		{4114CED7-B11F-41C1-834F-1D3C7F00169F}.Debug|x64.Deploy.0 = Debug|Any CPU
		{4114CED7-B11F-41C1-834F-1D3C7F00169F}.Debug|x86.ActiveCfg = Debug|x86
		{4114CED7-B11F-41C1-834F-1D3C7F00169F}.Debug|x86.Build.0 = Debug|x86
		{4114CED7-B11F-41C1-834F-1D3C7F00169F}.Debug|x86.Deploy.0 = Debug|x86
		{4114CED7-B11F-41C1-834F-1D3C7F00169F}.Release|Any CPU.ActiveCfg = Release|Any CPU
		{4114CED7-B11F-41C1-834F-1D3C7F00169F}.Release|Any CPU.Build.0 = Release|Any CPU
		{4114CED7-B11F-41C1-834F-1D3C7F00169F}.Release|Any CPU.Deploy.0 = Release|Any CPU
		{4114CED7-B11F-41C1-834F-1D3C7F00169F}.Release|ARM.ActiveCfg = Release|ARM
		{4114CED7-B11F-41C1-834F-1D3C7F00169F}.Release|ARM.Build.0 = Release|ARM
		{4114CED7-B11F-41C1-834F-1D3C7F00169F}.Release|ARM.Deploy.0 = Release|ARM
		{4114CED7-B11F-41C1-834F-1D3C7F00169F}.Release|iPhone.ActiveCfg = Release|Any CPU
		{4114CED7-B11F-41C1-834F-1D3C7F00169F}.Release|iPhone.Build.0 = Release|Any CPU
		{4114CED7-B11F-41C1-834F-1D3C7F00169F}.Release|iPhone.Deploy.0 = Release|Any CPU
		{4114CED7-B11F-41C1-834F-1D3C7F00169F}.Release|iPhoneSimulator.ActiveCfg = Release|Any CPU
		{4114CED7-B11F-41C1-834F-1D3C7F00169F}.Release|iPhoneSimulator.Build.0 = Release|Any CPU
		{4114CED7-B11F-41C1-834F-1D3C7F00169F}.Release|iPhoneSimulator.Deploy.0 = Release|Any CPU
		{4114CED7-B11F-41C1-834F-1D3C7F00169F}.Release|x64.ActiveCfg = Release|Any CPU
		{4114CED7-B11F-41C1-834F-1D3C7F00169F}.Release|x64.Build.0 = Release|Any CPU
		{4114CED7-B11F-41C1-834F-1D3C7F00169F}.Release|x64.Deploy.0 = Release|Any CPU
		{4114CED7-B11F-41C1-834F-1D3C7F00169F}.Release|x86.ActiveCfg = Release|x86
		{4114CED7-B11F-41C1-834F-1D3C7F00169F}.Release|x86.Build.0 = Release|x86
		{4114CED7-B11F-41C1-834F-1D3C7F00169F}.Release|x86.Deploy.0 = Release|x86
		{EF586670-58C4-4A04-89BE-6EAF5485E52F}.Ad-Hoc|Any CPU.ActiveCfg = Release|x86
		{EF586670-58C4-4A04-89BE-6EAF5485E52F}.Ad-Hoc|Any CPU.Build.0 = Release|x86
		{EF586670-58C4-4A04-89BE-6EAF5485E52F}.Ad-Hoc|Any CPU.Deploy.0 = Release|x86
		{EF586670-58C4-4A04-89BE-6EAF5485E52F}.Ad-Hoc|ARM.ActiveCfg = Release|ARM
		{EF586670-58C4-4A04-89BE-6EAF5485E52F}.Ad-Hoc|ARM.Build.0 = Release|ARM
		{EF586670-58C4-4A04-89BE-6EAF5485E52F}.Ad-Hoc|ARM.Deploy.0 = Release|ARM
		{EF586670-58C4-4A04-89BE-6EAF5485E52F}.Ad-Hoc|iPhone.ActiveCfg = Release|x86
		{EF586670-58C4-4A04-89BE-6EAF5485E52F}.Ad-Hoc|iPhone.Build.0 = Release|x86
		{EF586670-58C4-4A04-89BE-6EAF5485E52F}.Ad-Hoc|iPhone.Deploy.0 = Release|x86
		{EF586670-58C4-4A04-89BE-6EAF5485E52F}.Ad-Hoc|iPhoneSimulator.ActiveCfg = Release|x86
		{EF586670-58C4-4A04-89BE-6EAF5485E52F}.Ad-Hoc|iPhoneSimulator.Build.0 = Release|x86
		{EF586670-58C4-4A04-89BE-6EAF5485E52F}.Ad-Hoc|iPhoneSimulator.Deploy.0 = Release|x86
		{EF586670-58C4-4A04-89BE-6EAF5485E52F}.Ad-Hoc|x64.ActiveCfg = Release|x64
		{EF586670-58C4-4A04-89BE-6EAF5485E52F}.Ad-Hoc|x64.Build.0 = Release|x64
		{EF586670-58C4-4A04-89BE-6EAF5485E52F}.Ad-Hoc|x64.Deploy.0 = Release|x64
		{EF586670-58C4-4A04-89BE-6EAF5485E52F}.Ad-Hoc|x86.ActiveCfg = Release|x86
		{EF586670-58C4-4A04-89BE-6EAF5485E52F}.Ad-Hoc|x86.Build.0 = Release|x86
		{EF586670-58C4-4A04-89BE-6EAF5485E52F}.Ad-Hoc|x86.Deploy.0 = Release|x86
		{EF586670-58C4-4A04-89BE-6EAF5485E52F}.AppStore|Any CPU.ActiveCfg = Release|x86
		{EF586670-58C4-4A04-89BE-6EAF5485E52F}.AppStore|Any CPU.Build.0 = Release|x86
		{EF586670-58C4-4A04-89BE-6EAF5485E52F}.AppStore|Any CPU.Deploy.0 = Release|x86
		{EF586670-58C4-4A04-89BE-6EAF5485E52F}.AppStore|ARM.ActiveCfg = Release|ARM
		{EF586670-58C4-4A04-89BE-6EAF5485E52F}.AppStore|ARM.Build.0 = Release|ARM
		{EF586670-58C4-4A04-89BE-6EAF5485E52F}.AppStore|ARM.Deploy.0 = Release|ARM
		{EF586670-58C4-4A04-89BE-6EAF5485E52F}.AppStore|iPhone.ActiveCfg = Release|x86
		{EF586670-58C4-4A04-89BE-6EAF5485E52F}.AppStore|iPhone.Build.0 = Release|x86
		{EF586670-58C4-4A04-89BE-6EAF5485E52F}.AppStore|iPhone.Deploy.0 = Release|x86
		{EF586670-58C4-4A04-89BE-6EAF5485E52F}.AppStore|iPhoneSimulator.ActiveCfg = Release|x86
		{EF586670-58C4-4A04-89BE-6EAF5485E52F}.AppStore|iPhoneSimulator.Build.0 = Release|x86
		{EF586670-58C4-4A04-89BE-6EAF5485E52F}.AppStore|iPhoneSimulator.Deploy.0 = Release|x86
		{EF586670-58C4-4A04-89BE-6EAF5485E52F}.AppStore|x64.ActiveCfg = Release|x64
		{EF586670-58C4-4A04-89BE-6EAF5485E52F}.AppStore|x64.Build.0 = Release|x64
		{EF586670-58C4-4A04-89BE-6EAF5485E52F}.AppStore|x64.Deploy.0 = Release|x64
		{EF586670-58C4-4A04-89BE-6EAF5485E52F}.AppStore|x86.ActiveCfg = Release|x86
		{EF586670-58C4-4A04-89BE-6EAF5485E52F}.AppStore|x86.Build.0 = Release|x86
		{EF586670-58C4-4A04-89BE-6EAF5485E52F}.AppStore|x86.Deploy.0 = Release|x86
		{EF586670-58C4-4A04-89BE-6EAF5485E52F}.Debug|Any CPU.ActiveCfg = Debug|x86
		{EF586670-58C4-4A04-89BE-6EAF5485E52F}.Debug|ARM.ActiveCfg = Debug|ARM
		{EF586670-58C4-4A04-89BE-6EAF5485E52F}.Debug|ARM.Build.0 = Debug|ARM
		{EF586670-58C4-4A04-89BE-6EAF5485E52F}.Debug|ARM.Deploy.0 = Debug|ARM
		{EF586670-58C4-4A04-89BE-6EAF5485E52F}.Debug|iPhone.ActiveCfg = Debug|x86
		{EF586670-58C4-4A04-89BE-6EAF5485E52F}.Debug|iPhoneSimulator.ActiveCfg = Debug|x86
		{EF586670-58C4-4A04-89BE-6EAF5485E52F}.Debug|x64.ActiveCfg = Debug|x64
		{EF586670-58C4-4A04-89BE-6EAF5485E52F}.Debug|x64.Build.0 = Debug|x64
		{EF586670-58C4-4A04-89BE-6EAF5485E52F}.Debug|x64.Deploy.0 = Debug|x64
		{EF586670-58C4-4A04-89BE-6EAF5485E52F}.Debug|x86.ActiveCfg = Debug|x86
		{EF586670-58C4-4A04-89BE-6EAF5485E52F}.Debug|x86.Build.0 = Debug|x86
		{EF586670-58C4-4A04-89BE-6EAF5485E52F}.Debug|x86.Deploy.0 = Debug|x86
		{EF586670-58C4-4A04-89BE-6EAF5485E52F}.Release|Any CPU.ActiveCfg = Release|x86
		{EF586670-58C4-4A04-89BE-6EAF5485E52F}.Release|ARM.ActiveCfg = Release|ARM
		{EF586670-58C4-4A04-89BE-6EAF5485E52F}.Release|ARM.Build.0 = Release|ARM
		{EF586670-58C4-4A04-89BE-6EAF5485E52F}.Release|ARM.Deploy.0 = Release|ARM
		{EF586670-58C4-4A04-89BE-6EAF5485E52F}.Release|iPhone.ActiveCfg = Release|x86
		{EF586670-58C4-4A04-89BE-6EAF5485E52F}.Release|iPhoneSimulator.ActiveCfg = Release|x86
		{EF586670-58C4-4A04-89BE-6EAF5485E52F}.Release|x64.ActiveCfg = Release|x64
		{EF586670-58C4-4A04-89BE-6EAF5485E52F}.Release|x64.Build.0 = Release|x64
		{EF586670-58C4-4A04-89BE-6EAF5485E52F}.Release|x64.Deploy.0 = Release|x64
		{EF586670-58C4-4A04-89BE-6EAF5485E52F}.Release|x86.ActiveCfg = Release|x86
		{EF586670-58C4-4A04-89BE-6EAF5485E52F}.Release|x86.Build.0 = Release|x86
		{EF586670-58C4-4A04-89BE-6EAF5485E52F}.Release|x86.Deploy.0 = Release|x86
		{8F42F795-AD45-4F01-AA49-512DF8C7C8AC}.Ad-Hoc|Any CPU.ActiveCfg = Release|Any CPU
		{8F42F795-AD45-4F01-AA49-512DF8C7C8AC}.Ad-Hoc|Any CPU.Build.0 = Release|Any CPU
		{8F42F795-AD45-4F01-AA49-512DF8C7C8AC}.Ad-Hoc|Any CPU.Deploy.0 = Release|Any CPU
		{8F42F795-AD45-4F01-AA49-512DF8C7C8AC}.Ad-Hoc|ARM.ActiveCfg = Release|ARM
		{8F42F795-AD45-4F01-AA49-512DF8C7C8AC}.Ad-Hoc|ARM.Build.0 = Release|ARM
		{8F42F795-AD45-4F01-AA49-512DF8C7C8AC}.Ad-Hoc|ARM.Deploy.0 = Release|ARM
		{8F42F795-AD45-4F01-AA49-512DF8C7C8AC}.Ad-Hoc|iPhone.ActiveCfg = Release|Any CPU
		{8F42F795-AD45-4F01-AA49-512DF8C7C8AC}.Ad-Hoc|iPhone.Build.0 = Release|Any CPU
		{8F42F795-AD45-4F01-AA49-512DF8C7C8AC}.Ad-Hoc|iPhone.Deploy.0 = Release|Any CPU
		{8F42F795-AD45-4F01-AA49-512DF8C7C8AC}.Ad-Hoc|iPhoneSimulator.ActiveCfg = Release|Any CPU
		{8F42F795-AD45-4F01-AA49-512DF8C7C8AC}.Ad-Hoc|iPhoneSimulator.Build.0 = Release|Any CPU
		{8F42F795-AD45-4F01-AA49-512DF8C7C8AC}.Ad-Hoc|iPhoneSimulator.Deploy.0 = Release|Any CPU
		{8F42F795-AD45-4F01-AA49-512DF8C7C8AC}.Ad-Hoc|x64.ActiveCfg = Release|x64
		{8F42F795-AD45-4F01-AA49-512DF8C7C8AC}.Ad-Hoc|x64.Build.0 = Release|x64
		{8F42F795-AD45-4F01-AA49-512DF8C7C8AC}.Ad-Hoc|x64.Deploy.0 = Release|x64
		{8F42F795-AD45-4F01-AA49-512DF8C7C8AC}.Ad-Hoc|x86.ActiveCfg = Release|x86
		{8F42F795-AD45-4F01-AA49-512DF8C7C8AC}.Ad-Hoc|x86.Build.0 = Release|x86
		{8F42F795-AD45-4F01-AA49-512DF8C7C8AC}.Ad-Hoc|x86.Deploy.0 = Release|x86
		{8F42F795-AD45-4F01-AA49-512DF8C7C8AC}.AppStore|Any CPU.ActiveCfg = Release|Any CPU
		{8F42F795-AD45-4F01-AA49-512DF8C7C8AC}.AppStore|Any CPU.Build.0 = Release|Any CPU
		{8F42F795-AD45-4F01-AA49-512DF8C7C8AC}.AppStore|Any CPU.Deploy.0 = Release|Any CPU
		{8F42F795-AD45-4F01-AA49-512DF8C7C8AC}.AppStore|ARM.ActiveCfg = Release|ARM
		{8F42F795-AD45-4F01-AA49-512DF8C7C8AC}.AppStore|ARM.Build.0 = Release|ARM
		{8F42F795-AD45-4F01-AA49-512DF8C7C8AC}.AppStore|ARM.Deploy.0 = Release|ARM
		{8F42F795-AD45-4F01-AA49-512DF8C7C8AC}.AppStore|iPhone.ActiveCfg = Release|Any CPU
		{8F42F795-AD45-4F01-AA49-512DF8C7C8AC}.AppStore|iPhone.Build.0 = Release|Any CPU
		{8F42F795-AD45-4F01-AA49-512DF8C7C8AC}.AppStore|iPhone.Deploy.0 = Release|Any CPU
		{8F42F795-AD45-4F01-AA49-512DF8C7C8AC}.AppStore|iPhoneSimulator.ActiveCfg = Release|Any CPU
		{8F42F795-AD45-4F01-AA49-512DF8C7C8AC}.AppStore|iPhoneSimulator.Build.0 = Release|Any CPU
		{8F42F795-AD45-4F01-AA49-512DF8C7C8AC}.AppStore|iPhoneSimulator.Deploy.0 = Release|Any CPU
		{8F42F795-AD45-4F01-AA49-512DF8C7C8AC}.AppStore|x64.ActiveCfg = Release|x64
		{8F42F795-AD45-4F01-AA49-512DF8C7C8AC}.AppStore|x64.Build.0 = Release|x64
		{8F42F795-AD45-4F01-AA49-512DF8C7C8AC}.AppStore|x64.Deploy.0 = Release|x64
		{8F42F795-AD45-4F01-AA49-512DF8C7C8AC}.AppStore|x86.ActiveCfg = Release|x86
		{8F42F795-AD45-4F01-AA49-512DF8C7C8AC}.AppStore|x86.Build.0 = Release|x86
		{8F42F795-AD45-4F01-AA49-512DF8C7C8AC}.AppStore|x86.Deploy.0 = Release|x86
		{8F42F795-AD45-4F01-AA49-512DF8C7C8AC}.Debug|Any CPU.ActiveCfg = Debug|Any CPU
		{8F42F795-AD45-4F01-AA49-512DF8C7C8AC}.Debug|Any CPU.Build.0 = Debug|Any CPU
		{8F42F795-AD45-4F01-AA49-512DF8C7C8AC}.Debug|Any CPU.Deploy.0 = Debug|Any CPU
		{8F42F795-AD45-4F01-AA49-512DF8C7C8AC}.Debug|ARM.ActiveCfg = Debug|ARM
		{8F42F795-AD45-4F01-AA49-512DF8C7C8AC}.Debug|ARM.Build.0 = Debug|ARM
		{8F42F795-AD45-4F01-AA49-512DF8C7C8AC}.Debug|ARM.Deploy.0 = Debug|ARM
		{8F42F795-AD45-4F01-AA49-512DF8C7C8AC}.Debug|iPhone.ActiveCfg = Debug|Any CPU
		{8F42F795-AD45-4F01-AA49-512DF8C7C8AC}.Debug|iPhone.Build.0 = Debug|Any CPU
		{8F42F795-AD45-4F01-AA49-512DF8C7C8AC}.Debug|iPhone.Deploy.0 = Debug|Any CPU
		{8F42F795-AD45-4F01-AA49-512DF8C7C8AC}.Debug|iPhoneSimulator.ActiveCfg = Debug|Any CPU
		{8F42F795-AD45-4F01-AA49-512DF8C7C8AC}.Debug|iPhoneSimulator.Build.0 = Debug|Any CPU
		{8F42F795-AD45-4F01-AA49-512DF8C7C8AC}.Debug|iPhoneSimulator.Deploy.0 = Debug|Any CPU
		{8F42F795-AD45-4F01-AA49-512DF8C7C8AC}.Debug|x64.ActiveCfg = Debug|x64
		{8F42F795-AD45-4F01-AA49-512DF8C7C8AC}.Debug|x64.Build.0 = Debug|x64
		{8F42F795-AD45-4F01-AA49-512DF8C7C8AC}.Debug|x64.Deploy.0 = Debug|x64
		{8F42F795-AD45-4F01-AA49-512DF8C7C8AC}.Debug|x86.ActiveCfg = Debug|x86
		{8F42F795-AD45-4F01-AA49-512DF8C7C8AC}.Debug|x86.Build.0 = Debug|x86
		{8F42F795-AD45-4F01-AA49-512DF8C7C8AC}.Debug|x86.Deploy.0 = Debug|x86
		{8F42F795-AD45-4F01-AA49-512DF8C7C8AC}.Release|Any CPU.ActiveCfg = Release|Any CPU
		{8F42F795-AD45-4F01-AA49-512DF8C7C8AC}.Release|Any CPU.Build.0 = Release|Any CPU
		{8F42F795-AD45-4F01-AA49-512DF8C7C8AC}.Release|Any CPU.Deploy.0 = Release|Any CPU
		{8F42F795-AD45-4F01-AA49-512DF8C7C8AC}.Release|ARM.ActiveCfg = Release|ARM
		{8F42F795-AD45-4F01-AA49-512DF8C7C8AC}.Release|ARM.Build.0 = Release|ARM
		{8F42F795-AD45-4F01-AA49-512DF8C7C8AC}.Release|ARM.Deploy.0 = Release|ARM
		{8F42F795-AD45-4F01-AA49-512DF8C7C8AC}.Release|iPhone.ActiveCfg = Release|Any CPU
		{8F42F795-AD45-4F01-AA49-512DF8C7C8AC}.Release|iPhone.Build.0 = Release|Any CPU
		{8F42F795-AD45-4F01-AA49-512DF8C7C8AC}.Release|iPhone.Deploy.0 = Release|Any CPU
		{8F42F795-AD45-4F01-AA49-512DF8C7C8AC}.Release|iPhoneSimulator.ActiveCfg = Release|Any CPU
		{8F42F795-AD45-4F01-AA49-512DF8C7C8AC}.Release|iPhoneSimulator.Build.0 = Release|Any CPU
		{8F42F795-AD45-4F01-AA49-512DF8C7C8AC}.Release|iPhoneSimulator.Deploy.0 = Release|Any CPU
		{8F42F795-AD45-4F01-AA49-512DF8C7C8AC}.Release|x64.ActiveCfg = Release|x64
		{8F42F795-AD45-4F01-AA49-512DF8C7C8AC}.Release|x64.Build.0 = Release|x64
		{8F42F795-AD45-4F01-AA49-512DF8C7C8AC}.Release|x64.Deploy.0 = Release|x64
		{8F42F795-AD45-4F01-AA49-512DF8C7C8AC}.Release|x86.ActiveCfg = Release|x86
		{8F42F795-AD45-4F01-AA49-512DF8C7C8AC}.Release|x86.Build.0 = Release|x86
		{8F42F795-AD45-4F01-AA49-512DF8C7C8AC}.Release|x86.Deploy.0 = Release|x86
	EndGlobalSection
	GlobalSection(SolutionProperties) = preSolution
		HideSolutionNode = FALSE
	EndGlobalSection
EndGlobal
